
Microsoft Visual Studio Solution File, Format Version 12.00
# Visual Studio Version 17
VisualStudioVersion = 17.5.33414.496
MinimumVisualStudioVersion = 10.0.40219.1
Project("{FAE04EC0-301F-11D3-BF4B-00C04F79EFBC}") = "BadAIWarz", "BadAIWarz\BadAIWarz.csproj", "{FCEA7727-7363-4EA9-B082-8CDB9EB00ACB}"
EndProject
Global
	GlobalSection(SolutionConfigurationPlatforms) = preSolution
		Debug|Any CPU = Debug|Any CPU
		Release|Any CPU = Release|Any CPU
	EndGlobalSection
	GlobalSection(ProjectConfigurationPlatforms) = postSolution
		{FCEA7727-7363-4EA9-B082-8CDB9EB00ACB}.Debug|Any CPU.ActiveCfg = Debug|Any CPU
		{FCEA7727-7363-4EA9-B082-8CDB9EB00ACB}.Debug|Any CPU.Build.0 = Debug|Any CPU
		{FCEA7727-7363-4EA9-B082-8CDB9EB00ACB}.Release|Any CPU.ActiveCfg = Release|Any CPU
		{FCEA7727-7363-4EA9-B082-8CDB9EB00ACB}.Release|Any CPU.Build.0 = Release|Any CPU
	EndGlobalSection
	GlobalSection(SolutionProperties) = preSolution
		HideSolutionNode = FALSE
	EndGlobalSection
	GlobalSection(ExtensibilityGlobals) = postSolution
		SolutionGuid = {EEBB4610-222E-4DCD-807E-937854BF311E}
	EndGlobalSection
EndGlobal
